<?xml version="1.0" encoding="UTF-8"?>
<Project ToolsVersion="12.0" xmlns="http://schemas.microsoft.com/developer/msbuild/2003">
  <ItemGroup>
    <CustomBuild Include="C:\dev\3rdParty\MySQL\Connector-c\6.1.6\CMakeFiles\d389a3a410e3d85113aaf9ed77464856\INSTALL_force.rule">
      <Filter>CMake Rules</Filter>
    </CustomBuild>
  </ItemGroup>
  <ItemGroup>
    <Filter Include="CMake Rules">
      <UniqueIdentifier>{4C009D28-F9C5-3955-9796-9B14914C6B15}</UniqueIdentifier>
    </Filter>
  </ItemGroup>
</Project>
