Microsoft Visual Studio Solution File, Format Version 12.00
# Visual Studio 2013
Project("{8BC9CEB8-8B4A-11D0-8D11-00A0C91BC942}") = "ALL_BUILD", "ALL_BUILD.vcxproj", "{CF7197C4-445F-3B10-84F2-C9E292D1C874}"
	ProjectSection(ProjectDependencies) = postProject
		{D28CC796-E720-3042-B6C1-87F2C8243F56} = {D28CC796-E720-3042-B6C1-87F2C8243F56}
		{5BDD16DD-4B68-3FDF-BCBC-85A33C11ECA6} = {5BDD16DD-4B68-3FDF-BCBC-85A33C11ECA6}
		{1CADF4DB-7C07-3BF2-93DE-2BC456294709} = {1CADF4DB-7C07-3BF2-93DE-2BC456294709}
		{7CE1B5EC-3C81-3D3A-9456-07630BC82DE3} = {7CE1B5EC-3C81-3D3A-9456-07630BC82DE3}
		{F8FFC88D-CB12-3038-B2C2-590A3DEE2E49} = {F8FFC88D-CB12-3038-B2C2-590A3DEE2E49}
		{03D7A054-EDC2-3D68-ADD4-84D7222DEBD9} = {03D7A054-EDC2-3D68-ADD4-84D7222DEBD9}
		{A0A4CAE3-D45D-39D3-89C4-C32CA6429BE1} = {A0A4CAE3-D45D-39D3-89C4-C32CA6429BE1}
		{D9AA42AA-A1EB-3E49-8573-13071F4B6C0D} = {D9AA42AA-A1EB-3E49-8573-13071F4B6C0D}
		{170EA82B-E30A-3514-8E77-6A242004A11C} = {170EA82B-E30A-3514-8E77-6A242004A11C}
		{7FFE4FDD-BBB6-3CE2-BF5F-091C1A1E574E} = {7FFE4FDD-BBB6-3CE2-BF5F-091C1A1E574E}
		{869B3726-CF00-32AC-B092-B3002E65FCD2} = {869B3726-CF00-32AC-B092-B3002E65FCD2}
		{486779C1-1DFB-3083-86BF-187A2EF7EE97} = {486779C1-1DFB-3083-86BF-187A2EF7EE97}
		{D9D99B96-728E-3E72-80F7-7A7747233FE5} = {D9D99B96-728E-3E72-80F7-7A7747233FE5}
		{1D98A16E-4FBA-363B-94EE-A4A737691FFA} = {1D98A16E-4FBA-363B-94EE-A4A737691FFA}
		{03040A52-E41C-3789-9535-EAFD6AB59044} = {03040A52-E41C-3789-9535-EAFD6AB59044}
		{B907F9A1-C926-3F21-A90A-FDFF9ED116BB} = {B907F9A1-C926-3F21-A90A-FDFF9ED116BB}
		{AE6F852C-FE3D-3F7E-8744-B46957426C76} = {AE6F852C-FE3D-3F7E-8744-B46957426C76}
		{EB3379D6-3BEB-3FEB-9C04-4AE37C2500CE} = {EB3379D6-3BEB-3FEB-9C04-4AE37C2500CE}
		{418DC111-2474-3EDE-995F-D6C6581A88E8} = {418DC111-2474-3EDE-995F-D6C6581A88E8}
		{0236B7C6-483D-3643-9E78-99F6817F6038} = {0236B7C6-483D-3643-9E78-99F6817F6038}
		{8248EB54-4DB6-3229-9CEC-AF2E3A511A1F} = {8248EB54-4DB6-3229-9CEC-AF2E3A511A1F}
		{A425F974-8361-3025-9869-D2D8C60C959E} = {A425F974-8361-3025-9869-D2D8C60C959E}
	EndProjectSection
EndProject
Project("{8BC9CEB8-8B4A-11D0-8D11-00A0C91BC942}") = "GenError", "extra\GenError.vcxproj", "{D28CC796-E720-3042-B6C1-87F2C8243F56}"
	ProjectSection(ProjectDependencies) = postProject
		{7CE1B5EC-3C81-3D3A-9456-07630BC82DE3} = {7CE1B5EC-3C81-3D3A-9456-07630BC82DE3}
		{A0A4CAE3-D45D-39D3-89C4-C32CA6429BE1} = {A0A4CAE3-D45D-39D3-89C4-C32CA6429BE1}
	EndProjectSection
EndProject
Project("{8BC9CEB8-8B4A-11D0-8D11-00A0C91BC942}") = "INFO_BIN", "INFO_BIN.vcxproj", "{5BDD16DD-4B68-3FDF-BCBC-85A33C11ECA6}"
	ProjectSection(ProjectDependencies) = postProject
		{7CE1B5EC-3C81-3D3A-9456-07630BC82DE3} = {7CE1B5EC-3C81-3D3A-9456-07630BC82DE3}
	EndProjectSection
EndProject
Project("{8BC9CEB8-8B4A-11D0-8D11-00A0C91BC942}") = "INFO_SRC", "INFO_SRC.vcxproj", "{1CADF4DB-7C07-3BF2-93DE-2BC456294709}"
	ProjectSection(ProjectDependencies) = postProject
		{7CE1B5EC-3C81-3D3A-9456-07630BC82DE3} = {7CE1B5EC-3C81-3D3A-9456-07630BC82DE3}
	EndProjectSection
EndProject
Project("{8BC9CEB8-8B4A-11D0-8D11-00A0C91BC942}") = "INSTALL", "INSTALL.vcxproj", "{B27EA634-2415-3375-BA4C-858EE02B9868}"
	ProjectSection(ProjectDependencies) = postProject
		{CF7197C4-445F-3B10-84F2-C9E292D1C874} = {CF7197C4-445F-3B10-84F2-C9E292D1C874}
		{7CE1B5EC-3C81-3D3A-9456-07630BC82DE3} = {7CE1B5EC-3C81-3D3A-9456-07630BC82DE3}
	EndProjectSection
EndProject
Project("{8BC9CEB8-8B4A-11D0-8D11-00A0C91BC942}") = "PACKAGE", "PACKAGE.vcxproj", "{BC1022CF-DB62-3829-8B81-57895FF17081}"
	ProjectSection(ProjectDependencies) = postProject
		{CF7197C4-445F-3B10-84F2-C9E292D1C874} = {CF7197C4-445F-3B10-84F2-C9E292D1C874}
		{7CE1B5EC-3C81-3D3A-9456-07630BC82DE3} = {7CE1B5EC-3C81-3D3A-9456-07630BC82DE3}
	EndProjectSection
EndProject
Project("{8BC9CEB8-8B4A-11D0-8D11-00A0C91BC942}") = "ZERO_CHECK", "ZERO_CHECK.vcxproj", "{7CE1B5EC-3C81-3D3A-9456-07630BC82DE3}"
	ProjectSection(ProjectDependencies) = postProject
	EndProjectSection
EndProject
Project("{8BC9CEB8-8B4A-11D0-8D11-00A0C91BC942}") = "auth_win_client", "libmysql\authentication_win\auth_win_client.vcxproj", "{F8FFC88D-CB12-3038-B2C2-590A3DEE2E49}"
	ProjectSection(ProjectDependencies) = postProject
		{7CE1B5EC-3C81-3D3A-9456-07630BC82DE3} = {7CE1B5EC-3C81-3D3A-9456-07630BC82DE3}
	EndProjectSection
EndProject
Project("{8BC9CEB8-8B4A-11D0-8D11-00A0C91BC942}") = "clientlib", "libmysql\clientlib.vcxproj", "{03D7A054-EDC2-3D68-ADD4-84D7222DEBD9}"
	ProjectSection(ProjectDependencies) = postProject
		{D28CC796-E720-3042-B6C1-87F2C8243F56} = {D28CC796-E720-3042-B6C1-87F2C8243F56}
		{7CE1B5EC-3C81-3D3A-9456-07630BC82DE3} = {7CE1B5EC-3C81-3D3A-9456-07630BC82DE3}
	EndProjectSection
EndProject
Project("{8BC9CEB8-8B4A-11D0-8D11-00A0C91BC942}") = "comp_err", "extra\comp_err.vcxproj", "{A0A4CAE3-D45D-39D3-89C4-C32CA6429BE1}"
	ProjectSection(ProjectDependencies) = postProject
		{7CE1B5EC-3C81-3D3A-9456-07630BC82DE3} = {7CE1B5EC-3C81-3D3A-9456-07630BC82DE3}
		{D9AA42AA-A1EB-3E49-8573-13071F4B6C0D} = {D9AA42AA-A1EB-3E49-8573-13071F4B6C0D}
		{1D98A16E-4FBA-363B-94EE-A4A737691FFA} = {1D98A16E-4FBA-363B-94EE-A4A737691FFA}
		{EB3379D6-3BEB-3FEB-9C04-4AE37C2500CE} = {EB3379D6-3BEB-3FEB-9C04-4AE37C2500CE}
		{418DC111-2474-3EDE-995F-D6C6581A88E8} = {418DC111-2474-3EDE-995F-D6C6581A88E8}
		{8248EB54-4DB6-3229-9CEC-AF2E3A511A1F} = {8248EB54-4DB6-3229-9CEC-AF2E3A511A1F}
		{A425F974-8361-3025-9869-D2D8C60C959E} = {A425F974-8361-3025-9869-D2D8C60C959E}
	EndProjectSection
EndProject
Project("{8BC9CEB8-8B4A-11D0-8D11-00A0C91BC942}") = "conf_to_src", "strings\conf_to_src.vcxproj", "{78C5FD69-691A-3D5D-B0C8-CF9F0959F210}"
	ProjectSection(ProjectDependencies) = postProject
		{7CE1B5EC-3C81-3D3A-9456-07630BC82DE3} = {7CE1B5EC-3C81-3D3A-9456-07630BC82DE3}
		{EB3379D6-3BEB-3FEB-9C04-4AE37C2500CE} = {EB3379D6-3BEB-3FEB-9C04-4AE37C2500CE}
	EndProjectSection
EndProject
Project("{8BC9CEB8-8B4A-11D0-8D11-00A0C91BC942}") = "dbug", "dbug\dbug.vcxproj", "{D9AA42AA-A1EB-3E49-8573-13071F4B6C0D}"
	ProjectSection(ProjectDependencies) = postProject
		{57C36592-47EA-32D0-ACCA-17296E955970} = {57C36592-47EA-32D0-ACCA-17296E955970}
	EndProjectSection
EndProject
Project("{8BC9CEB8-8B4A-11D0-8D11-00A0C91BC942}") = "libmysql", "libmysql\libmysql.vcxproj", "{170EA82B-E30A-3514-8E77-6A242004A11C}"
	ProjectSection(ProjectDependencies) = postProject
		{7CE1B5EC-3C81-3D3A-9456-07630BC82DE3} = {7CE1B5EC-3C81-3D3A-9456-07630BC82DE3}
		{F8FFC88D-CB12-3038-B2C2-590A3DEE2E49} = {F8FFC88D-CB12-3038-B2C2-590A3DEE2E49}
		{03D7A054-EDC2-3D68-ADD4-84D7222DEBD9} = {03D7A054-EDC2-3D68-ADD4-84D7222DEBD9}
		{D9AA42AA-A1EB-3E49-8573-13071F4B6C0D} = {D9AA42AA-A1EB-3E49-8573-13071F4B6C0D}
		{1D98A16E-4FBA-363B-94EE-A4A737691FFA} = {1D98A16E-4FBA-363B-94EE-A4A737691FFA}
		{EB3379D6-3BEB-3FEB-9C04-4AE37C2500CE} = {EB3379D6-3BEB-3FEB-9C04-4AE37C2500CE}
		{418DC111-2474-3EDE-995F-D6C6581A88E8} = {418DC111-2474-3EDE-995F-D6C6581A88E8}
		{0236B7C6-483D-3643-9E78-99F6817F6038} = {0236B7C6-483D-3643-9E78-99F6817F6038}
		{8248EB54-4DB6-3229-9CEC-AF2E3A511A1F} = {8248EB54-4DB6-3229-9CEC-AF2E3A511A1F}
		{A425F974-8361-3025-9869-D2D8C60C959E} = {A425F974-8361-3025-9869-D2D8C60C959E}
	EndProjectSection
EndProject
Project("{8BC9CEB8-8B4A-11D0-8D11-00A0C91BC942}") = "libmysql_api_test", "libmysql\libmysql_api_test.vcxproj", "{7FFE4FDD-BBB6-3CE2-BF5F-091C1A1E574E}"
	ProjectSection(ProjectDependencies) = postProject
		{7CE1B5EC-3C81-3D3A-9456-07630BC82DE3} = {7CE1B5EC-3C81-3D3A-9456-07630BC82DE3}
		{170EA82B-E30A-3514-8E77-6A242004A11C} = {170EA82B-E30A-3514-8E77-6A242004A11C}
	EndProjectSection
EndProject
Project("{8BC9CEB8-8B4A-11D0-8D11-00A0C91BC942}") = "my_print_defaults", "extra\my_print_defaults.vcxproj", "{869B3726-CF00-32AC-B092-B3002E65FCD2}"
	ProjectSection(ProjectDependencies) = postProject
		{7CE1B5EC-3C81-3D3A-9456-07630BC82DE3} = {7CE1B5EC-3C81-3D3A-9456-07630BC82DE3}
		{D9AA42AA-A1EB-3E49-8573-13071F4B6C0D} = {D9AA42AA-A1EB-3E49-8573-13071F4B6C0D}
		{1D98A16E-4FBA-363B-94EE-A4A737691FFA} = {1D98A16E-4FBA-363B-94EE-A4A737691FFA}
		{EB3379D6-3BEB-3FEB-9C04-4AE37C2500CE} = {EB3379D6-3BEB-3FEB-9C04-4AE37C2500CE}
		{418DC111-2474-3EDE-995F-D6C6581A88E8} = {418DC111-2474-3EDE-995F-D6C6581A88E8}
		{8248EB54-4DB6-3229-9CEC-AF2E3A511A1F} = {8248EB54-4DB6-3229-9CEC-AF2E3A511A1F}
		{A425F974-8361-3025-9869-D2D8C60C959E} = {A425F974-8361-3025-9869-D2D8C60C959E}
	EndProjectSection
EndProject
Project("{8BC9CEB8-8B4A-11D0-8D11-00A0C91BC942}") = "mysql_client_test", "tests\mysql_client_test.vcxproj", "{486779C1-1DFB-3083-86BF-187A2EF7EE97}"
	ProjectSection(ProjectDependencies) = postProject
		{7CE1B5EC-3C81-3D3A-9456-07630BC82DE3} = {7CE1B5EC-3C81-3D3A-9456-07630BC82DE3}
		{D9D99B96-728E-3E72-80F7-7A7747233FE5} = {D9D99B96-728E-3E72-80F7-7A7747233FE5}
	EndProjectSection
EndProject
Project("{8BC9CEB8-8B4A-11D0-8D11-00A0C91BC942}") = "mysqlclient", "libmysql\mysqlclient.vcxproj", "{D9D99B96-728E-3E72-80F7-7A7747233FE5}"
	ProjectSection(ProjectDependencies) = postProject
		{7CE1B5EC-3C81-3D3A-9456-07630BC82DE3} = {7CE1B5EC-3C81-3D3A-9456-07630BC82DE3}
		{F8FFC88D-CB12-3038-B2C2-590A3DEE2E49} = {F8FFC88D-CB12-3038-B2C2-590A3DEE2E49}
		{03D7A054-EDC2-3D68-ADD4-84D7222DEBD9} = {03D7A054-EDC2-3D68-ADD4-84D7222DEBD9}
		{D9AA42AA-A1EB-3E49-8573-13071F4B6C0D} = {D9AA42AA-A1EB-3E49-8573-13071F4B6C0D}
		{1D98A16E-4FBA-363B-94EE-A4A737691FFA} = {1D98A16E-4FBA-363B-94EE-A4A737691FFA}
		{EB3379D6-3BEB-3FEB-9C04-4AE37C2500CE} = {EB3379D6-3BEB-3FEB-9C04-4AE37C2500CE}
		{418DC111-2474-3EDE-995F-D6C6581A88E8} = {418DC111-2474-3EDE-995F-D6C6581A88E8}
		{0236B7C6-483D-3643-9E78-99F6817F6038} = {0236B7C6-483D-3643-9E78-99F6817F6038}
		{8248EB54-4DB6-3229-9CEC-AF2E3A511A1F} = {8248EB54-4DB6-3229-9CEC-AF2E3A511A1F}
		{A425F974-8361-3025-9869-D2D8C60C959E} = {A425F974-8361-3025-9869-D2D8C60C959E}
	EndProjectSection
EndProject
Project("{8BC9CEB8-8B4A-11D0-8D11-00A0C91BC942}") = "mysys", "mysys\mysys.vcxproj", "{57C36592-47EA-32D0-ACCA-17296E955970}"
	ProjectSection(ProjectDependencies) = postProject
		{7CE1B5EC-3C81-3D3A-9456-07630BC82DE3} = {7CE1B5EC-3C81-3D3A-9456-07630BC82DE3}
		{EB3379D6-3BEB-3FEB-9C04-4AE37C2500CE} = {EB3379D6-3BEB-3FEB-9C04-4AE37C2500CE}
		{A425F974-8361-3025-9869-D2D8C60C959E} = {A425F974-8361-3025-9869-D2D8C60C959E}
	EndProjectSection
EndProject
Project("{8BC9CEB8-8B4A-11D0-8D11-00A0C91BC942}") = "mysys_ssl", "mysys_ssl\mysys_ssl.vcxproj", "{1D98A16E-4FBA-363B-94EE-A4A737691FFA}"
	ProjectSection(ProjectDependencies) = postProject
		{7CE1B5EC-3C81-3D3A-9456-07630BC82DE3} = {7CE1B5EC-3C81-3D3A-9456-07630BC82DE3}
		{D9AA42AA-A1EB-3E49-8573-13071F4B6C0D} = {D9AA42AA-A1EB-3E49-8573-13071F4B6C0D}
		{EB3379D6-3BEB-3FEB-9C04-4AE37C2500CE} = {EB3379D6-3BEB-3FEB-9C04-4AE37C2500CE}
		{418DC111-2474-3EDE-995F-D6C6581A88E8} = {418DC111-2474-3EDE-995F-D6C6581A88E8}
		{8248EB54-4DB6-3229-9CEC-AF2E3A511A1F} = {8248EB54-4DB6-3229-9CEC-AF2E3A511A1F}
		{A425F974-8361-3025-9869-D2D8C60C959E} = {A425F974-8361-3025-9869-D2D8C60C959E}
	EndProjectSection
EndProject
Project("{8BC9CEB8-8B4A-11D0-8D11-00A0C91BC942}") = "perror", "extra\perror.vcxproj", "{03040A52-E41C-3789-9535-EAFD6AB59044}"
	ProjectSection(ProjectDependencies) = postProject
		{D28CC796-E720-3042-B6C1-87F2C8243F56} = {D28CC796-E720-3042-B6C1-87F2C8243F56}
		{7CE1B5EC-3C81-3D3A-9456-07630BC82DE3} = {7CE1B5EC-3C81-3D3A-9456-07630BC82DE3}
		{D9AA42AA-A1EB-3E49-8573-13071F4B6C0D} = {D9AA42AA-A1EB-3E49-8573-13071F4B6C0D}
		{1D98A16E-4FBA-363B-94EE-A4A737691FFA} = {1D98A16E-4FBA-363B-94EE-A4A737691FFA}
		{EB3379D6-3BEB-3FEB-9C04-4AE37C2500CE} = {EB3379D6-3BEB-3FEB-9C04-4AE37C2500CE}
		{418DC111-2474-3EDE-995F-D6C6581A88E8} = {418DC111-2474-3EDE-995F-D6C6581A88E8}
		{8248EB54-4DB6-3229-9CEC-AF2E3A511A1F} = {8248EB54-4DB6-3229-9CEC-AF2E3A511A1F}
		{A425F974-8361-3025-9869-D2D8C60C959E} = {A425F974-8361-3025-9869-D2D8C60C959E}
	EndProjectSection
EndProject
Project("{8BC9CEB8-8B4A-11D0-8D11-00A0C91BC942}") = "regex", "regex\regex.vcxproj", "{B907F9A1-C926-3F21-A90A-FDFF9ED116BB}"
	ProjectSection(ProjectDependencies) = postProject
		{7CE1B5EC-3C81-3D3A-9456-07630BC82DE3} = {7CE1B5EC-3C81-3D3A-9456-07630BC82DE3}
	EndProjectSection
EndProject
Project("{8BC9CEB8-8B4A-11D0-8D11-00A0C91BC942}") = "resolveip", "extra\resolveip.vcxproj", "{AE6F852C-FE3D-3F7E-8744-B46957426C76}"
	ProjectSection(ProjectDependencies) = postProject
		{7CE1B5EC-3C81-3D3A-9456-07630BC82DE3} = {7CE1B5EC-3C81-3D3A-9456-07630BC82DE3}
		{D9AA42AA-A1EB-3E49-8573-13071F4B6C0D} = {D9AA42AA-A1EB-3E49-8573-13071F4B6C0D}
		{1D98A16E-4FBA-363B-94EE-A4A737691FFA} = {1D98A16E-4FBA-363B-94EE-A4A737691FFA}
		{EB3379D6-3BEB-3FEB-9C04-4AE37C2500CE} = {EB3379D6-3BEB-3FEB-9C04-4AE37C2500CE}
		{418DC111-2474-3EDE-995F-D6C6581A88E8} = {418DC111-2474-3EDE-995F-D6C6581A88E8}
		{8248EB54-4DB6-3229-9CEC-AF2E3A511A1F} = {8248EB54-4DB6-3229-9CEC-AF2E3A511A1F}
		{A425F974-8361-3025-9869-D2D8C60C959E} = {A425F974-8361-3025-9869-D2D8C60C959E}
	EndProjectSection
EndProject
Project("{8BC9CEB8-8B4A-11D0-8D11-00A0C91BC942}") = "strings", "strings\strings.vcxproj", "{EB3379D6-3BEB-3FEB-9C04-4AE37C2500CE}"
	ProjectSection(ProjectDependencies) = postProject
		{7CE1B5EC-3C81-3D3A-9456-07630BC82DE3} = {7CE1B5EC-3C81-3D3A-9456-07630BC82DE3}
	EndProjectSection
EndProject
Project("{8BC9CEB8-8B4A-11D0-8D11-00A0C91BC942}") = "taocrypt", "extra\yassl\taocrypt\taocrypt.vcxproj", "{418DC111-2474-3EDE-995F-D6C6581A88E8}"
	ProjectSection(ProjectDependencies) = postProject
		{7CE1B5EC-3C81-3D3A-9456-07630BC82DE3} = {7CE1B5EC-3C81-3D3A-9456-07630BC82DE3}
	EndProjectSection
EndProject
Project("{8BC9CEB8-8B4A-11D0-8D11-00A0C91BC942}") = "vio", "vio\vio.vcxproj", "{0236B7C6-483D-3643-9E78-99F6817F6038}"
	ProjectSection(ProjectDependencies) = postProject
		{7CE1B5EC-3C81-3D3A-9456-07630BC82DE3} = {7CE1B5EC-3C81-3D3A-9456-07630BC82DE3}
	EndProjectSection
EndProject
Project("{8BC9CEB8-8B4A-11D0-8D11-00A0C91BC942}") = "yassl", "extra\yassl\yassl.vcxproj", "{8248EB54-4DB6-3229-9CEC-AF2E3A511A1F}"
	ProjectSection(ProjectDependencies) = postProject
		{7CE1B5EC-3C81-3D3A-9456-07630BC82DE3} = {7CE1B5EC-3C81-3D3A-9456-07630BC82DE3}
	EndProjectSection
EndProject
Project("{8BC9CEB8-8B4A-11D0-8D11-00A0C91BC942}") = "zlib", "zlib\zlib.vcxproj", "{A425F974-8361-3025-9869-D2D8C60C959E}"
	ProjectSection(ProjectDependencies) = postProject
		{7CE1B5EC-3C81-3D3A-9456-07630BC82DE3} = {7CE1B5EC-3C81-3D3A-9456-07630BC82DE3}
	EndProjectSection
EndProject
Global
	GlobalSection(SolutionConfigurationPlatforms) = preSolution
		Debug|Win32 = Debug|Win32
		Release|Win32 = Release|Win32
		MinSizeRel|Win32 = MinSizeRel|Win32
		RelWithDebInfo|Win32 = RelWithDebInfo|Win32
	EndGlobalSection
	GlobalSection(ProjectConfigurationPlatforms) = postSolution
		{CF7197C4-445F-3B10-84F2-C9E292D1C874}.Debug|Win32.ActiveCfg = Debug|Win32
		{CF7197C4-445F-3B10-84F2-C9E292D1C874}.Debug|Win32.Build.0 = Debug|Win32
		{CF7197C4-445F-3B10-84F2-C9E292D1C874}.Release|Win32.ActiveCfg = Release|Win32
		{CF7197C4-445F-3B10-84F2-C9E292D1C874}.Release|Win32.Build.0 = Release|Win32
		{CF7197C4-445F-3B10-84F2-C9E292D1C874}.MinSizeRel|Win32.ActiveCfg = MinSizeRel|Win32
		{CF7197C4-445F-3B10-84F2-C9E292D1C874}.MinSizeRel|Win32.Build.0 = MinSizeRel|Win32
		{CF7197C4-445F-3B10-84F2-C9E292D1C874}.RelWithDebInfo|Win32.ActiveCfg = RelWithDebInfo|Win32
		{CF7197C4-445F-3B10-84F2-C9E292D1C874}.RelWithDebInfo|Win32.Build.0 = RelWithDebInfo|Win32
		{D28CC796-E720-3042-B6C1-87F2C8243F56}.Debug|Win32.ActiveCfg = Debug|Win32
		{D28CC796-E720-3042-B6C1-87F2C8243F56}.Debug|Win32.Build.0 = Debug|Win32
		{D28CC796-E720-3042-B6C1-87F2C8243F56}.Release|Win32.ActiveCfg = Release|Win32
		{D28CC796-E720-3042-B6C1-87F2C8243F56}.Release|Win32.Build.0 = Release|Win32
		{D28CC796-E720-3042-B6C1-87F2C8243F56}.MinSizeRel|Win32.ActiveCfg = MinSizeRel|Win32
		{D28CC796-E720-3042-B6C1-87F2C8243F56}.MinSizeRel|Win32.Build.0 = MinSizeRel|Win32
		{D28CC796-E720-3042-B6C1-87F2C8243F56}.RelWithDebInfo|Win32.ActiveCfg = RelWithDebInfo|Win32
		{D28CC796-E720-3042-B6C1-87F2C8243F56}.RelWithDebInfo|Win32.Build.0 = RelWithDebInfo|Win32
		{5BDD16DD-4B68-3FDF-BCBC-85A33C11ECA6}.Debug|Win32.ActiveCfg = Debug|Win32
		{5BDD16DD-4B68-3FDF-BCBC-85A33C11ECA6}.Debug|Win32.Build.0 = Debug|Win32
		{5BDD16DD-4B68-3FDF-BCBC-85A33C11ECA6}.Release|Win32.ActiveCfg = Release|Win32
		{5BDD16DD-4B68-3FDF-BCBC-85A33C11ECA6}.Release|Win32.Build.0 = Release|Win32
		{5BDD16DD-4B68-3FDF-BCBC-85A33C11ECA6}.MinSizeRel|Win32.ActiveCfg = MinSizeRel|Win32
		{5BDD16DD-4B68-3FDF-BCBC-85A33C11ECA6}.MinSizeRel|Win32.Build.0 = MinSizeRel|Win32
		{5BDD16DD-4B68-3FDF-BCBC-85A33C11ECA6}.RelWithDebInfo|Win32.ActiveCfg = RelWithDebInfo|Win32
		{5BDD16DD-4B68-3FDF-BCBC-85A33C11ECA6}.RelWithDebInfo|Win32.Build.0 = RelWithDebInfo|Win32
		{1CADF4DB-7C07-3BF2-93DE-2BC456294709}.Debug|Win32.ActiveCfg = Debug|Win32
		{1CADF4DB-7C07-3BF2-93DE-2BC456294709}.Debug|Win32.Build.0 = Debug|Win32
		{1CADF4DB-7C07-3BF2-93DE-2BC456294709}.Release|Win32.ActiveCfg = Release|Win32
		{1CADF4DB-7C07-3BF2-93DE-2BC456294709}.Release|Win32.Build.0 = Release|Win32
		{1CADF4DB-7C07-3BF2-93DE-2BC456294709}.MinSizeRel|Win32.ActiveCfg = MinSizeRel|Win32
		{1CADF4DB-7C07-3BF2-93DE-2BC456294709}.MinSizeRel|Win32.Build.0 = MinSizeRel|Win32
		{1CADF4DB-7C07-3BF2-93DE-2BC456294709}.RelWithDebInfo|Win32.ActiveCfg = RelWithDebInfo|Win32
		{1CADF4DB-7C07-3BF2-93DE-2BC456294709}.RelWithDebInfo|Win32.Build.0 = RelWithDebInfo|Win32
		{B27EA634-2415-3375-BA4C-858EE02B9868}.Debug|Win32.ActiveCfg = Debug|Win32
		{B27EA634-2415-3375-BA4C-858EE02B9868}.Release|Win32.ActiveCfg = Release|Win32
		{B27EA634-2415-3375-BA4C-858EE02B9868}.MinSizeRel|Win32.ActiveCfg = MinSizeRel|Win32
		{B27EA634-2415-3375-BA4C-858EE02B9868}.RelWithDebInfo|Win32.ActiveCfg = RelWithDebInfo|Win32
		{BC1022CF-DB62-3829-8B81-57895FF17081}.Debug|Win32.ActiveCfg = Debug|Win32
		{BC1022CF-DB62-3829-8B81-57895FF17081}.Release|Win32.ActiveCfg = Release|Win32
		{BC1022CF-DB62-3829-8B81-57895FF17081}.MinSizeRel|Win32.ActiveCfg = MinSizeRel|Win32
		{BC1022CF-DB62-3829-8B81-57895FF17081}.RelWithDebInfo|Win32.ActiveCfg = RelWithDebInfo|Win32
		{7CE1B5EC-3C81-3D3A-9456-07630BC82DE3}.Debug|Win32.ActiveCfg = Debug|Win32
		{7CE1B5EC-3C81-3D3A-9456-07630BC82DE3}.Debug|Win32.Build.0 = Debug|Win32
		{7CE1B5EC-3C81-3D3A-9456-07630BC82DE3}.Release|Win32.ActiveCfg = Release|Win32
		{7CE1B5EC-3C81-3D3A-9456-07630BC82DE3}.Release|Win32.Build.0 = Release|Win32
		{7CE1B5EC-3C81-3D3A-9456-07630BC82DE3}.MinSizeRel|Win32.ActiveCfg = MinSizeRel|Win32
		{7CE1B5EC-3C81-3D3A-9456-07630BC82DE3}.MinSizeRel|Win32.Build.0 = MinSizeRel|Win32
		{7CE1B5EC-3C81-3D3A-9456-07630BC82DE3}.RelWithDebInfo|Win32.ActiveCfg = RelWithDebInfo|Win32
		{7CE1B5EC-3C81-3D3A-9456-07630BC82DE3}.RelWithDebInfo|Win32.Build.0 = RelWithDebInfo|Win32
		{F8FFC88D-CB12-3038-B2C2-590A3DEE2E49}.Debug|Win32.ActiveCfg = Debug|Win32
		{F8FFC88D-CB12-3038-B2C2-590A3DEE2E49}.Debug|Win32.Build.0 = Debug|Win32
		{F8FFC88D-CB12-3038-B2C2-590A3DEE2E49}.Release|Win32.ActiveCfg = Release|Win32
		{F8FFC88D-CB12-3038-B2C2-590A3DEE2E49}.Release|Win32.Build.0 = Release|Win32
		{F8FFC88D-CB12-3038-B2C2-590A3DEE2E49}.MinSizeRel|Win32.ActiveCfg = MinSizeRel|Win32
		{F8FFC88D-CB12-3038-B2C2-590A3DEE2E49}.MinSizeRel|Win32.Build.0 = MinSizeRel|Win32
		{F8FFC88D-CB12-3038-B2C2-590A3DEE2E49}.RelWithDebInfo|Win32.ActiveCfg = RelWithDebInfo|Win32
		{F8FFC88D-CB12-3038-B2C2-590A3DEE2E49}.RelWithDebInfo|Win32.Build.0 = RelWithDebInfo|Win32
		{03D7A054-EDC2-3D68-ADD4-84D7222DEBD9}.Debug|Win32.ActiveCfg = Debug|Win32
		{03D7A054-EDC2-3D68-ADD4-84D7222DEBD9}.Debug|Win32.Build.0 = Debug|Win32
		{03D7A054-EDC2-3D68-ADD4-84D7222DEBD9}.Release|Win32.ActiveCfg = Release|Win32
		{03D7A054-EDC2-3D68-ADD4-84D7222DEBD9}.Release|Win32.Build.0 = Release|Win32
		{03D7A054-EDC2-3D68-ADD4-84D7222DEBD9}.MinSizeRel|Win32.ActiveCfg = MinSizeRel|Win32
		{03D7A054-EDC2-3D68-ADD4-84D7222DEBD9}.MinSizeRel|Win32.Build.0 = MinSizeRel|Win32
		{03D7A054-EDC2-3D68-ADD4-84D7222DEBD9}.RelWithDebInfo|Win32.ActiveCfg = RelWithDebInfo|Win32
		{03D7A054-EDC2-3D68-ADD4-84D7222DEBD9}.RelWithDebInfo|Win32.Build.0 = RelWithDebInfo|Win32
		{A0A4CAE3-D45D-39D3-89C4-C32CA6429BE1}.Debug|Win32.ActiveCfg = Debug|Win32
		{A0A4CAE3-D45D-39D3-89C4-C32CA6429BE1}.Debug|Win32.Build.0 = Debug|Win32
		{A0A4CAE3-D45D-39D3-89C4-C32CA6429BE1}.Release|Win32.ActiveCfg = Release|Win32
		{A0A4CAE3-D45D-39D3-89C4-C32CA6429BE1}.Release|Win32.Build.0 = Release|Win32
		{A0A4CAE3-D45D-39D3-89C4-C32CA6429BE1}.MinSizeRel|Win32.ActiveCfg = MinSizeRel|Win32
		{A0A4CAE3-D45D-39D3-89C4-C32CA6429BE1}.MinSizeRel|Win32.Build.0 = MinSizeRel|Win32
		{A0A4CAE3-D45D-39D3-89C4-C32CA6429BE1}.RelWithDebInfo|Win32.ActiveCfg = RelWithDebInfo|Win32
		{A0A4CAE3-D45D-39D3-89C4-C32CA6429BE1}.RelWithDebInfo|Win32.Build.0 = RelWithDebInfo|Win32
		{78C5FD69-691A-3D5D-B0C8-CF9F0959F210}.Debug|Win32.ActiveCfg = Debug|Win32
		{78C5FD69-691A-3D5D-B0C8-CF9F0959F210}.Debug|Win32.Build.0 = Debug|Win32
		{78C5FD69-691A-3D5D-B0C8-CF9F0959F210}.Release|Win32.ActiveCfg = Release|Win32
		{78C5FD69-691A-3D5D-B0C8-CF9F0959F210}.Release|Win32.Build.0 = Release|Win32
		{78C5FD69-691A-3D5D-B0C8-CF9F0959F210}.MinSizeRel|Win32.ActiveCfg = MinSizeRel|Win32
		{78C5FD69-691A-3D5D-B0C8-CF9F0959F210}.MinSizeRel|Win32.Build.0 = MinSizeRel|Win32
		{78C5FD69-691A-3D5D-B0C8-CF9F0959F210}.RelWithDebInfo|Win32.ActiveCfg = RelWithDebInfo|Win32
		{78C5FD69-691A-3D5D-B0C8-CF9F0959F210}.RelWithDebInfo|Win32.Build.0 = RelWithDebInfo|Win32
		{D9AA42AA-A1EB-3E49-8573-13071F4B6C0D}.Debug|Win32.ActiveCfg = Debug|Win32
		{D9AA42AA-A1EB-3E49-8573-13071F4B6C0D}.Debug|Win32.Build.0 = Debug|Win32
		{D9AA42AA-A1EB-3E49-8573-13071F4B6C0D}.Release|Win32.ActiveCfg = Release|Win32
		{D9AA42AA-A1EB-3E49-8573-13071F4B6C0D}.Release|Win32.Build.0 = Release|Win32
		{D9AA42AA-A1EB-3E49-8573-13071F4B6C0D}.MinSizeRel|Win32.ActiveCfg = MinSizeRel|Win32
		{D9AA42AA-A1EB-3E49-8573-13071F4B6C0D}.MinSizeRel|Win32.Build.0 = MinSizeRel|Win32
		{D9AA42AA-A1EB-3E49-8573-13071F4B6C0D}.RelWithDebInfo|Win32.ActiveCfg = RelWithDebInfo|Win32
		{D9AA42AA-A1EB-3E49-8573-13071F4B6C0D}.RelWithDebInfo|Win32.Build.0 = RelWithDebInfo|Win32
		{170EA82B-E30A-3514-8E77-6A242004A11C}.Debug|Win32.ActiveCfg = Debug|Win32
		{170EA82B-E30A-3514-8E77-6A242004A11C}.Debug|Win32.Build.0 = Debug|Win32
		{170EA82B-E30A-3514-8E77-6A242004A11C}.Release|Win32.ActiveCfg = Release|Win32
		{170EA82B-E30A-3514-8E77-6A242004A11C}.Release|Win32.Build.0 = Release|Win32
		{170EA82B-E30A-3514-8E77-6A242004A11C}.MinSizeRel|Win32.ActiveCfg = MinSizeRel|Win32
		{170EA82B-E30A-3514-8E77-6A242004A11C}.MinSizeRel|Win32.Build.0 = MinSizeRel|Win32
		{170EA82B-E30A-3514-8E77-6A242004A11C}.RelWithDebInfo|Win32.ActiveCfg = RelWithDebInfo|Win32
		{170EA82B-E30A-3514-8E77-6A242004A11C}.RelWithDebInfo|Win32.Build.0 = RelWithDebInfo|Win32
		{7FFE4FDD-BBB6-3CE2-BF5F-091C1A1E574E}.Debug|Win32.ActiveCfg = Debug|Win32
		{7FFE4FDD-BBB6-3CE2-BF5F-091C1A1E574E}.Debug|Win32.Build.0 = Debug|Win32
		{7FFE4FDD-BBB6-3CE2-BF5F-091C1A1E574E}.Release|Win32.ActiveCfg = Release|Win32
		{7FFE4FDD-BBB6-3CE2-BF5F-091C1A1E574E}.Release|Win32.Build.0 = Release|Win32
		{7FFE4FDD-BBB6-3CE2-BF5F-091C1A1E574E}.MinSizeRel|Win32.ActiveCfg = MinSizeRel|Win32
		{7FFE4FDD-BBB6-3CE2-BF5F-091C1A1E574E}.MinSizeRel|Win32.Build.0 = MinSizeRel|Win32
		{7FFE4FDD-BBB6-3CE2-BF5F-091C1A1E574E}.RelWithDebInfo|Win32.ActiveCfg = RelWithDebInfo|Win32
		{7FFE4FDD-BBB6-3CE2-BF5F-091C1A1E574E}.RelWithDebInfo|Win32.Build.0 = RelWithDebInfo|Win32
		{869B3726-CF00-32AC-B092-B3002E65FCD2}.Debug|Win32.ActiveCfg = Debug|Win32
		{869B3726-CF00-32AC-B092-B3002E65FCD2}.Debug|Win32.Build.0 = Debug|Win32
		{869B3726-CF00-32AC-B092-B3002E65FCD2}.Release|Win32.ActiveCfg = Release|Win32
		{869B3726-CF00-32AC-B092-B3002E65FCD2}.Release|Win32.Build.0 = Release|Win32
		{869B3726-CF00-32AC-B092-B3002E65FCD2}.MinSizeRel|Win32.ActiveCfg = MinSizeRel|Win32
		{869B3726-CF00-32AC-B092-B3002E65FCD2}.MinSizeRel|Win32.Build.0 = MinSizeRel|Win32
		{869B3726-CF00-32AC-B092-B3002E65FCD2}.RelWithDebInfo|Win32.ActiveCfg = RelWithDebInfo|Win32
		{869B3726-CF00-32AC-B092-B3002E65FCD2}.RelWithDebInfo|Win32.Build.0 = RelWithDebInfo|Win32
		{486779C1-1DFB-3083-86BF-187A2EF7EE97}.Debug|Win32.ActiveCfg = Debug|Win32
		{486779C1-1DFB-3083-86BF-187A2EF7EE97}.Debug|Win32.Build.0 = Debug|Win32
		{486779C1-1DFB-3083-86BF-187A2EF7EE97}.Release|Win32.ActiveCfg = Release|Win32
		{486779C1-1DFB-3083-86BF-187A2EF7EE97}.Release|Win32.Build.0 = Release|Win32
		{486779C1-1DFB-3083-86BF-187A2EF7EE97}.MinSizeRel|Win32.ActiveCfg = MinSizeRel|Win32
		{486779C1-1DFB-3083-86BF-187A2EF7EE97}.MinSizeRel|Win32.Build.0 = MinSizeRel|Win32
		{486779C1-1DFB-3083-86BF-187A2EF7EE97}.RelWithDebInfo|Win32.ActiveCfg = RelWithDebInfo|Win32
		{486779C1-1DFB-3083-86BF-187A2EF7EE97}.RelWithDebInfo|Win32.Build.0 = RelWithDebInfo|Win32
		{D9D99B96-728E-3E72-80F7-7A7747233FE5}.Debug|Win32.ActiveCfg = Debug|Win32
		{D9D99B96-728E-3E72-80F7-7A7747233FE5}.Debug|Win32.Build.0 = Debug|Win32
		{D9D99B96-728E-3E72-80F7-7A7747233FE5}.Release|Win32.ActiveCfg = Release|Win32
		{D9D99B96-728E-3E72-80F7-7A7747233FE5}.Release|Win32.Build.0 = Release|Win32
		{D9D99B96-728E-3E72-80F7-7A7747233FE5}.MinSizeRel|Win32.ActiveCfg = MinSizeRel|Win32
		{D9D99B96-728E-3E72-80F7-7A7747233FE5}.MinSizeRel|Win32.Build.0 = MinSizeRel|Win32
		{D9D99B96-728E-3E72-80F7-7A7747233FE5}.RelWithDebInfo|Win32.ActiveCfg = RelWithDebInfo|Win32
		{D9D99B96-728E-3E72-80F7-7A7747233FE5}.RelWithDebInfo|Win32.Build.0 = RelWithDebInfo|Win32
		{57C36592-47EA-32D0-ACCA-17296E955970}.Debug|Win32.ActiveCfg = Debug|Win32
		{57C36592-47EA-32D0-ACCA-17296E955970}.Debug|Win32.Build.0 = Debug|Win32
		{57C36592-47EA-32D0-ACCA-17296E955970}.Release|Win32.ActiveCfg = Release|Win32
		{57C36592-47EA-32D0-ACCA-17296E955970}.Release|Win32.Build.0 = Release|Win32
		{57C36592-47EA-32D0-ACCA-17296E955970}.MinSizeRel|Win32.ActiveCfg = MinSizeRel|Win32
		{57C36592-47EA-32D0-ACCA-17296E955970}.MinSizeRel|Win32.Build.0 = MinSizeRel|Win32
		{57C36592-47EA-32D0-ACCA-17296E955970}.RelWithDebInfo|Win32.ActiveCfg = RelWithDebInfo|Win32
		{57C36592-47EA-32D0-ACCA-17296E955970}.RelWithDebInfo|Win32.Build.0 = RelWithDebInfo|Win32
		{1D98A16E-4FBA-363B-94EE-A4A737691FFA}.Debug|Win32.ActiveCfg = Debug|Win32
		{1D98A16E-4FBA-363B-94EE-A4A737691FFA}.Debug|Win32.Build.0 = Debug|Win32
		{1D98A16E-4FBA-363B-94EE-A4A737691FFA}.Release|Win32.ActiveCfg = Release|Win32
		{1D98A16E-4FBA-363B-94EE-A4A737691FFA}.Release|Win32.Build.0 = Release|Win32
		{1D98A16E-4FBA-363B-94EE-A4A737691FFA}.MinSizeRel|Win32.ActiveCfg = MinSizeRel|Win32
		{1D98A16E-4FBA-363B-94EE-A4A737691FFA}.MinSizeRel|Win32.Build.0 = MinSizeRel|Win32
		{1D98A16E-4FBA-363B-94EE-A4A737691FFA}.RelWithDebInfo|Win32.ActiveCfg = RelWithDebInfo|Win32
		{1D98A16E-4FBA-363B-94EE-A4A737691FFA}.RelWithDebInfo|Win32.Build.0 = RelWithDebInfo|Win32
		{03040A52-E41C-3789-9535-EAFD6AB59044}.Debug|Win32.ActiveCfg = Debug|Win32
		{03040A52-E41C-3789-9535-EAFD6AB59044}.Debug|Win32.Build.0 = Debug|Win32
		{03040A52-E41C-3789-9535-EAFD6AB59044}.Release|Win32.ActiveCfg = Release|Win32
		{03040A52-E41C-3789-9535-EAFD6AB59044}.Release|Win32.Build.0 = Release|Win32
		{03040A52-E41C-3789-9535-EAFD6AB59044}.MinSizeRel|Win32.ActiveCfg = MinSizeRel|Win32
		{03040A52-E41C-3789-9535-EAFD6AB59044}.MinSizeRel|Win32.Build.0 = MinSizeRel|Win32
		{03040A52-E41C-3789-9535-EAFD6AB59044}.RelWithDebInfo|Win32.ActiveCfg = RelWithDebInfo|Win32
		{03040A52-E41C-3789-9535-EAFD6AB59044}.RelWithDebInfo|Win32.Build.0 = RelWithDebInfo|Win32
		{B907F9A1-C926-3F21-A90A-FDFF9ED116BB}.Debug|Win32.ActiveCfg = Debug|Win32
		{B907F9A1-C926-3F21-A90A-FDFF9ED116BB}.Debug|Win32.Build.0 = Debug|Win32
		{B907F9A1-C926-3F21-A90A-FDFF9ED116BB}.Release|Win32.ActiveCfg = Release|Win32
		{B907F9A1-C926-3F21-A90A-FDFF9ED116BB}.Release|Win32.Build.0 = Release|Win32
		{B907F9A1-C926-3F21-A90A-FDFF9ED116BB}.MinSizeRel|Win32.ActiveCfg = MinSizeRel|Win32
		{B907F9A1-C926-3F21-A90A-FDFF9ED116BB}.MinSizeRel|Win32.Build.0 = MinSizeRel|Win32
		{B907F9A1-C926-3F21-A90A-FDFF9ED116BB}.RelWithDebInfo|Win32.ActiveCfg = RelWithDebInfo|Win32
		{B907F9A1-C926-3F21-A90A-FDFF9ED116BB}.RelWithDebInfo|Win32.Build.0 = RelWithDebInfo|Win32
		{AE6F852C-FE3D-3F7E-8744-B46957426C76}.Debug|Win32.ActiveCfg = Debug|Win32
		{AE6F852C-FE3D-3F7E-8744-B46957426C76}.Debug|Win32.Build.0 = Debug|Win32
		{AE6F852C-FE3D-3F7E-8744-B46957426C76}.Release|Win32.ActiveCfg = Release|Win32
		{AE6F852C-FE3D-3F7E-8744-B46957426C76}.Release|Win32.Build.0 = Release|Win32
		{AE6F852C-FE3D-3F7E-8744-B46957426C76}.MinSizeRel|Win32.ActiveCfg = MinSizeRel|Win32
		{AE6F852C-FE3D-3F7E-8744-B46957426C76}.MinSizeRel|Win32.Build.0 = MinSizeRel|Win32
		{AE6F852C-FE3D-3F7E-8744-B46957426C76}.RelWithDebInfo|Win32.ActiveCfg = RelWithDebInfo|Win32
		{AE6F852C-FE3D-3F7E-8744-B46957426C76}.RelWithDebInfo|Win32.Build.0 = RelWithDebInfo|Win32
		{EB3379D6-3BEB-3FEB-9C04-4AE37C2500CE}.Debug|Win32.ActiveCfg = Debug|Win32
		{EB3379D6-3BEB-3FEB-9C04-4AE37C2500CE}.Debug|Win32.Build.0 = Debug|Win32
		{EB3379D6-3BEB-3FEB-9C04-4AE37C2500CE}.Release|Win32.ActiveCfg = Release|Win32
		{EB3379D6-3BEB-3FEB-9C04-4AE37C2500CE}.Release|Win32.Build.0 = Release|Win32
		{EB3379D6-3BEB-3FEB-9C04-4AE37C2500CE}.MinSizeRel|Win32.ActiveCfg = MinSizeRel|Win32
		{EB3379D6-3BEB-3FEB-9C04-4AE37C2500CE}.MinSizeRel|Win32.Build.0 = MinSizeRel|Win32
		{EB3379D6-3BEB-3FEB-9C04-4AE37C2500CE}.RelWithDebInfo|Win32.ActiveCfg = RelWithDebInfo|Win32
		{EB3379D6-3BEB-3FEB-9C04-4AE37C2500CE}.RelWithDebInfo|Win32.Build.0 = RelWithDebInfo|Win32
		{418DC111-2474-3EDE-995F-D6C6581A88E8}.Debug|Win32.ActiveCfg = Debug|Win32
		{418DC111-2474-3EDE-995F-D6C6581A88E8}.Debug|Win32.Build.0 = Debug|Win32
		{418DC111-2474-3EDE-995F-D6C6581A88E8}.Release|Win32.ActiveCfg = Release|Win32
		{418DC111-2474-3EDE-995F-D6C6581A88E8}.Release|Win32.Build.0 = Release|Win32
		{418DC111-2474-3EDE-995F-D6C6581A88E8}.MinSizeRel|Win32.ActiveCfg = MinSizeRel|Win32
		{418DC111-2474-3EDE-995F-D6C6581A88E8}.MinSizeRel|Win32.Build.0 = MinSizeRel|Win32
		{418DC111-2474-3EDE-995F-D6C6581A88E8}.RelWithDebInfo|Win32.ActiveCfg = RelWithDebInfo|Win32
		{418DC111-2474-3EDE-995F-D6C6581A88E8}.RelWithDebInfo|Win32.Build.0 = RelWithDebInfo|Win32
		{0236B7C6-483D-3643-9E78-99F6817F6038}.Debug|Win32.ActiveCfg = Debug|Win32
		{0236B7C6-483D-3643-9E78-99F6817F6038}.Debug|Win32.Build.0 = Debug|Win32
		{0236B7C6-483D-3643-9E78-99F6817F6038}.Release|Win32.ActiveCfg = Release|Win32
		{0236B7C6-483D-3643-9E78-99F6817F6038}.Release|Win32.Build.0 = Release|Win32
		{0236B7C6-483D-3643-9E78-99F6817F6038}.MinSizeRel|Win32.ActiveCfg = MinSizeRel|Win32
		{0236B7C6-483D-3643-9E78-99F6817F6038}.MinSizeRel|Win32.Build.0 = MinSizeRel|Win32
		{0236B7C6-483D-3643-9E78-99F6817F6038}.RelWithDebInfo|Win32.ActiveCfg = RelWithDebInfo|Win32
		{0236B7C6-483D-3643-9E78-99F6817F6038}.RelWithDebInfo|Win32.Build.0 = RelWithDebInfo|Win32
		{8248EB54-4DB6-3229-9CEC-AF2E3A511A1F}.Debug|Win32.ActiveCfg = Debug|Win32
		{8248EB54-4DB6-3229-9CEC-AF2E3A511A1F}.Debug|Win32.Build.0 = Debug|Win32
		{8248EB54-4DB6-3229-9CEC-AF2E3A511A1F}.Release|Win32.ActiveCfg = Release|Win32
		{8248EB54-4DB6-3229-9CEC-AF2E3A511A1F}.Release|Win32.Build.0 = Release|Win32
		{8248EB54-4DB6-3229-9CEC-AF2E3A511A1F}.MinSizeRel|Win32.ActiveCfg = MinSizeRel|Win32
		{8248EB54-4DB6-3229-9CEC-AF2E3A511A1F}.MinSizeRel|Win32.Build.0 = MinSizeRel|Win32
		{8248EB54-4DB6-3229-9CEC-AF2E3A511A1F}.RelWithDebInfo|Win32.ActiveCfg = RelWithDebInfo|Win32
		{8248EB54-4DB6-3229-9CEC-AF2E3A511A1F}.RelWithDebInfo|Win32.Build.0 = RelWithDebInfo|Win32
		{A425F974-8361-3025-9869-D2D8C60C959E}.Debug|Win32.ActiveCfg = Debug|Win32
		{A425F974-8361-3025-9869-D2D8C60C959E}.Debug|Win32.Build.0 = Debug|Win32
		{A425F974-8361-3025-9869-D2D8C60C959E}.Release|Win32.ActiveCfg = Release|Win32
		{A425F974-8361-3025-9869-D2D8C60C959E}.Release|Win32.Build.0 = Release|Win32
		{A425F974-8361-3025-9869-D2D8C60C959E}.MinSizeRel|Win32.ActiveCfg = MinSizeRel|Win32
		{A425F974-8361-3025-9869-D2D8C60C959E}.MinSizeRel|Win32.Build.0 = MinSizeRel|Win32
		{A425F974-8361-3025-9869-D2D8C60C959E}.RelWithDebInfo|Win32.ActiveCfg = RelWithDebInfo|Win32
		{A425F974-8361-3025-9869-D2D8C60C959E}.RelWithDebInfo|Win32.Build.0 = RelWithDebInfo|Win32
	EndGlobalSection
	GlobalSection(ExtensibilityGlobals) = postSolution
	EndGlobalSection
	GlobalSection(ExtensibilityAddIns) = postSolution
	EndGlobalSection
EndGlobal
