<?xml version="1.0" encoding="UTF-8"?>
<Project ToolsVersion="12.0" xmlns="http://schemas.microsoft.com/developer/msbuild/2003">
  <ItemGroup>
    <ClCompile Include="C:\dev\3rdParty\MySQL\Connector-c\6.1.6\extra\comp_err.c">
      <Filter>Source Files</Filter>
    </ClCompile>
  </ItemGroup>
  <ItemGroup>
    <CustomBuild Include="C:\dev\3rdParty\MySQL\Connector-c\6.1.6\extra\CMakeLists.txt" />
  </ItemGroup>
  <ItemGroup>
    <Filter Include="Source Files">
      <UniqueIdentifier>{3938AB05-35AA-3D4E-944C-625A87AE6006}</UniqueIdentifier>
    </Filter>
  </ItemGroup>
</Project>
